
Microsoft Visual Studio Solution File, Format Version 12.00
# Visual Studio Version 16
VisualStudioVersion = 16.0.29806.167
MinimumVisualStudioVersion = 10.0.40219.1
Project("{2150E333-8FDC-42A3-9474-1A3956D46DE8}") = "Solution Items", "Solution Items", "{3879B439-61F5-4699-B04F-98A29CA47AC7}"
	ProjectSection(SolutionItems) = preProject
		.editorconfig = .editorconfig
		..\appveyor.yml = ..\appveyor.yml
		..\artifacts\LittlePipeline.nuspec = ..\artifacts\LittlePipeline.nuspec
		..\ReadMe.md = ..\ReadMe.md
		Version.cs = Version.cs
	EndProjectSection
EndProject
Project("{FAE04EC0-301F-11D3-BF4B-00C04F79EFBC}") = "LittlePipeline.Std20", "LittlePipeline.Std20\LittlePipeline.Std20.csproj", "{975163FE-6D24-4FE2-9242-9F03DDF78095}"
EndProject
Project("{FAE04EC0-301F-11D3-BF4B-00C04F79EFBC}") = "LittlePipeline.Std20.Tests", "LittlePipeline.Std20.Tests\LittlePipeline.Std20.Tests.csproj", "{CE886845-11FE-4017-9336-50BE7FFC6706}"
EndProject
Global
	GlobalSection(SolutionConfigurationPlatforms) = preSolution
		Debug|Any CPU = Debug|Any CPU
		Release|Any CPU = Release|Any CPU
	EndGlobalSection
	GlobalSection(ProjectConfigurationPlatforms) = postSolution
		{975163FE-6D24-4FE2-9242-9F03DDF78095}.Debug|Any CPU.ActiveCfg = Debug|Any CPU
		{975163FE-6D24-4FE2-9242-9F03DDF78095}.Debug|Any CPU.Build.0 = Debug|Any CPU
		{975163FE-6D24-4FE2-9242-9F03DDF78095}.Release|Any CPU.ActiveCfg = Release|Any CPU
		{975163FE-6D24-4FE2-9242-9F03DDF78095}.Release|Any CPU.Build.0 = Release|Any CPU
		{CE886845-11FE-4017-9336-50BE7FFC6706}.Debug|Any CPU.ActiveCfg = Debug|Any CPU
		{CE886845-11FE-4017-9336-50BE7FFC6706}.Debug|Any CPU.Build.0 = Debug|Any CPU
		{CE886845-11FE-4017-9336-50BE7FFC6706}.Release|Any CPU.ActiveCfg = Release|Any CPU
		{CE886845-11FE-4017-9336-50BE7FFC6706}.Release|Any CPU.Build.0 = Release|Any CPU
	EndGlobalSection
	GlobalSection(SolutionProperties) = preSolution
		HideSolutionNode = FALSE
	EndGlobalSection
	GlobalSection(ExtensibilityGlobals) = postSolution
		SolutionGuid = {9A17372D-1675-4FD0-919D-1304B10929E2}
	EndGlobalSection
EndGlobal
