
Microsoft Visual Studio Solution File, Format Version 12.00
# Visual Studio 15
VisualStudioVersion = 15.0.26430.16
MinimumVisualStudioVersion = 10.0.40219.1
Project("{2150E333-8FDC-42A3-9474-1A3956D46DE8}") = "Solution Items", "Solution Items", "{3879B439-61F5-4699-B04F-98A29CA47AC7}"
	ProjectSection(SolutionItems) = preProject
		.editorconfig = .editorconfig
		..\appveyor.yml = ..\appveyor.yml
		..\artifacts\LittlePipeline.nuspec = ..\artifacts\LittlePipeline.nuspec
		Version.cs = Version.cs
	EndProjectSection
EndProject
Project("{FAE04EC0-301F-11D3-BF4B-00C04F79EFBC}") = "LittlePipeline", "LittlePipeline\LittlePipeline.csproj", "{E1C99B09-1D41-49AF-92D1-DDB0D09AF0B6}"
EndProject
Project("{FAE04EC0-301F-11D3-BF4B-00C04F79EFBC}") = "LittlePipeline.Tests", "LittlePipeline.Tests\LittlePipeline.Tests.csproj", "{0BFD2A6C-F009-4190-AC9D-EEE0A54508D1}"
EndProject
Project("{FAE04EC0-301F-11D3-BF4B-00C04F79EFBC}") = "LittlePipeline.Net452", "LittlePipeline.Net452\LittlePipeline.Net452.csproj", "{7FD4ACCE-BB9D-467E-9A6F-0696CBD7BC4D}"
EndProject
Global
	GlobalSection(SolutionConfigurationPlatforms) = preSolution
		Debug|Any CPU = Debug|Any CPU
		Release|Any CPU = Release|Any CPU
	EndGlobalSection
	GlobalSection(ProjectConfigurationPlatforms) = postSolution
		{E1C99B09-1D41-49AF-92D1-DDB0D09AF0B6}.Debug|Any CPU.ActiveCfg = Debug|Any CPU
		{E1C99B09-1D41-49AF-92D1-DDB0D09AF0B6}.Debug|Any CPU.Build.0 = Debug|Any CPU
		{E1C99B09-1D41-49AF-92D1-DDB0D09AF0B6}.Release|Any CPU.ActiveCfg = Release|Any CPU
		{E1C99B09-1D41-49AF-92D1-DDB0D09AF0B6}.Release|Any CPU.Build.0 = Release|Any CPU
		{0BFD2A6C-F009-4190-AC9D-EEE0A54508D1}.Debug|Any CPU.ActiveCfg = Debug|Any CPU
		{0BFD2A6C-F009-4190-AC9D-EEE0A54508D1}.Debug|Any CPU.Build.0 = Debug|Any CPU
		{0BFD2A6C-F009-4190-AC9D-EEE0A54508D1}.Release|Any CPU.ActiveCfg = Release|Any CPU
		{0BFD2A6C-F009-4190-AC9D-EEE0A54508D1}.Release|Any CPU.Build.0 = Release|Any CPU
		{7FD4ACCE-BB9D-467E-9A6F-0696CBD7BC4D}.Debug|Any CPU.ActiveCfg = Debug|Any CPU
		{7FD4ACCE-BB9D-467E-9A6F-0696CBD7BC4D}.Debug|Any CPU.Build.0 = Debug|Any CPU
		{7FD4ACCE-BB9D-467E-9A6F-0696CBD7BC4D}.Release|Any CPU.ActiveCfg = Release|Any CPU
		{7FD4ACCE-BB9D-467E-9A6F-0696CBD7BC4D}.Release|Any CPU.Build.0 = Release|Any CPU
	EndGlobalSection
	GlobalSection(SolutionProperties) = preSolution
		HideSolutionNode = FALSE
	EndGlobalSection
EndGlobal
